// !$*UTF8*$!
{
	archiveVersion = 1;
	classes = {
	};
	objectVersion = 48;
	objects = {

/* Begin PBXBuildFile section */
		E34EFA8A203804E1002DD34D /* AppDelegate.swift in Sources */ = {isa = PBXBuildFile; fileRef = E34EFA89203804E1002DD34D /* AppDelegate.swift */; };
		E34EFA8C203804E1002DD34D /* ViewController.swift in Sources */ = {isa = PBXBuildFile; fileRef = E34EFA8B203804E1002DD34D /* ViewController.swift */; };
		E34EFA8E203804E1002DD34D /* Assets.xcassets in Resources */ = {isa = PBXBuildFile; fileRef = E34EFA8D203804E1002DD34D /* Assets.xcassets */; };
		E34EFA91203804E1002DD34D /* Main.storyboard in Resources */ = {isa = PBXBuildFile; fileRef = E34EFA8F203804E1002DD34D /* Main.storyboard */; };
		E34EFA9A20382062002DD34D /* CustomView.swift in Sources */ = {isa = PBXBuildFile; fileRef = E34EFA9920382062002DD34D /* CustomView.swift */; };
/* End PBXBuildFile section */

/* Begin PBXFileReference section */
		E34EFA86203804E1002DD34D /* AP17 Animation.app */ = {isa = PBXFileReference; explicitFileType = wrapper.application; includeInIndex = 0; path = "AP17 Animation.app"; sourceTree = BUILT_PRODUCTS_DIR; };
		E34EFA89203804E1002DD34D /* AppDelegate.swift */ = {isa = PBXFileReference; lastKnownFileType = sourcecode.swift; path = AppDelegate.swift; sourceTree = "<group>"; };
		E34EFA8B203804E1002DD34D /* ViewController.swift */ = {isa = PBXFileReference; lastKnownFileType = sourcecode.swift; path = ViewController.swift; sourceTree = "<group>"; };
		E34EFA8D203804E1002DD34D /* Assets.xcassets */ = {isa = PBXFileReference; lastKnownFileType = folder.assetcatalog; path = Assets.xcassets; sourceTree = "<group>"; };
		E34EFA90203804E1002DD34D /* Base */ = {isa = PBXFileReference; lastKnownFileType = file.storyboard; name = Base; path = Base.lproj/Main.storyboard; sourceTree = "<group>"; };
		E34EFA92203804E1002DD34D /* Info.plist */ = {isa = PBXFileReference; lastKnownFileType = text.plist.xml; path = Info.plist; sourceTree = "<group>"; };
		E34EFA93203804E1002DD34D /* AP17_Animation.entitlements */ = {isa = PBXFileReference; lastKnownFileType = text.plist.entitlements; path = AP17_Animation.entitlements; sourceTree = "<group>"; };
		E34EFA9920382062002DD34D /* CustomView.swift */ = {isa = PBXFileReference; lastKnownFileType = sourcecode.swift; path = CustomView.swift; sourceTree = "<group>"; };
		E34EFA9B203820E6002DD34D /* AP17 Animation.entitlements */ = {isa = PBXFileReference; lastKnownFileType = text.plist.entitlements; path = "AP17 Animation.entitlements"; sourceTree = "<group>"; };
/* End PBXFileReference section */

/* Begin PBXFrameworksBuildPhase section */
		E34EFA83203804E1002DD34D /* Frameworks */ = {
			isa = PBXFrameworksBuildPhase;
			buildActionMask = 2147483647;
			files = (
			);
			runOnlyForDeploymentPostprocessing = 0;
		};
/* End PBXFrameworksBuildPhase section */

/* Begin PBXGroup section */
		E34EFA7D203804E1002DD34D = {
			isa = PBXGroup;
			children = (
				E34EFA88203804E1002DD34D /* AP17 Animation */,
				E34EFA87203804E1002DD34D /* Products */,
			);
			sourceTree = "<group>";
		};
		E34EFA87203804E1002DD34D /* Products */ = {
			isa = PBXGroup;
			children = (
				E34EFA86203804E1002DD34D /* AP17 Animation.app */,
			);
			name = Products;
			sourceTree = "<group>";
		};
		E34EFA88203804E1002DD34D /* AP17 Animation */ = {
			isa = PBXGroup;
			children = (
				E34EFA9B203820E6002DD34D /* AP17 Animation.entitlements */,
				E34EFA89203804E1002DD34D /* AppDelegate.swift */,
				E34EFA8B203804E1002DD34D /* ViewController.swift */,
				E34EFA8D203804E1002DD34D /* Assets.xcassets */,
				E34EFA8F203804E1002DD34D /* Main.storyboard */,
				E34EFA92203804E1002DD34D /* Info.plist */,
				E34EFA93203804E1002DD34D /* AP17_Animation.entitlements */,
				E34EFA9920382062002DD34D /* CustomView.swift */,
			);
			path = "AP17 Animation";
			sourceTree = "<group>";
		};
/* End PBXGroup section */

/* Begin PBXNativeTarget section */
		E34EFA85203804E1002DD34D /* AP17 Animation */ = {
			isa = PBXNativeTarget;
			buildConfigurationList = E34EFA96203804E1002DD34D /* Build configuration list for PBXNativeTarget "AP17 Animation" */;
			buildPhases = (
				E34EFA82203804E1002DD34D /* Sources */,
				E34EFA83203804E1002DD34D /* Frameworks */,
				E34EFA84203804E1002DD34D /* Resources */,
			);
			buildRules = (
			);
			dependencies = (
			);
			name = "AP17 Animation";
			productName = "AP17 Animation";
			productReference = E34EFA86203804E1002DD34D /* AP17 Animation.app */;
			productType = "com.apple.product-type.application";
		};
/* End PBXNativeTarget section */

/* Begin PBXProject section */
		E34EFA7E203804E1002DD34D /* Project object */ = {
			isa = PBXProject;
			attributes = {
				LastSwiftUpdateCheck = 0920;
				LastUpgradeCheck = 0920;
				ORGANIZATIONNAME = "刘小二";
				TargetAttributes = {
					E34EFA85203804E1002DD34D = {
						CreatedOnToolsVersion = 9.2;
						ProvisioningStyle = Automatic;
					};
				};
			};
			buildConfigurationList = E34EFA81203804E1002DD34D /* Build configuration list for PBXProject "AP17 Animation" */;
			compatibilityVersion = "Xcode 8.0";
			developmentRegion = en;
			hasScannedForEncodings = 0;
			knownRegions = (
				en,
				Base,
			);
			mainGroup = E34EFA7D203804E1002DD34D;
			productRefGroup = E34EFA87203804E1002DD34D /* Products */;
			projectDirPath = "";
			projectRoot = "";
			targets = (
				E34EFA85203804E1002DD34D /* AP17 Animation */,
			);
		};
/* End PBXProject section */

/* Begin PBXResourcesBuildPhase section */
		E34EFA84203804E1002DD34D /* Resources */ = {
			isa = PBXResourcesBuildPhase;
			buildActionMask = 2147483647;
			files = (
				E34EFA8E203804E1002DD34D /* Assets.xcassets in Resources */,
				E34EFA91203804E1002DD34D /* Main.storyboard in Resources */,
			);
			runOnlyForDeploymentPostprocessing = 0;
		};
/* End PBXResourcesBuildPhase section */

/* Begin PBXSourcesBuildPhase section */
		E34EFA82203804E1002DD34D /* Sources */ = {
			isa = PBXSourcesBuildPhase;
			buildActionMask = 2147483647;
			files = (
				E34EFA9A20382062002DD34D /* CustomView.swift in Sources */,
				E34EFA8C203804E1002DD34D /* ViewController.swift in Sources */,
				E34EFA8A203804E1002DD34D /* AppDelegate.swift in Sources */,
			);
			runOnlyForDeploymentPostprocessing = 0;
		};
/* End PBXSourcesBuildPhase section */

/* Begin PBXVariantGroup section */
		E34EFA8F203804E1002DD34D /* Main.storyboard */ = {
			isa = PBXVariantGroup;
			children = (
				E34EFA90203804E1002DD34D /* Base */,
			);
			name = Main.storyboard;
			sourceTree = "<group>";
		};
/* End PBXVariantGroup section */

/* Begin XCBuildConfiguration section */
		E34EFA94203804E1002DD34D /* Debug */ = {
			isa = XCBuildConfiguration;
			buildSettings = {
				ALWAYS_SEARCH_USER_PATHS = NO;
				CLANG_ANALYZER_NONNULL = YES;
				CLANG_ANALYZER_NUMBER_OBJECT_CONVERSION = YES_AGGRESSIVE;
				CLANG_CXX_LANGUAGE_STANDARD = "gnu++14";
				CLANG_CXX_LIBRARY = "libc++";
				CLANG_ENABLE_MODULES = YES;
				CLANG_ENABLE_OBJC_ARC = YES;
				CLANG_WARN_BLOCK_CAPTURE_AUTORELEASING = YES;
				CLANG_WARN_BOOL_CONVERSION = YES;
				CLANG_WARN_COMMA = YES;
				CLANG_WARN_CONSTANT_CONVERSION = YES;
				CLANG_WARN_DIRECT_OBJC_ISA_USAGE = YES_ERROR;
				CLANG_WARN_DOCUMENTATION_COMMENTS = YES;
				CLANG_WARN_EMPTY_BODY = YES;
				CLANG_WARN_ENUM_CONVERSION = YES;
				CLANG_WARN_INFINITE_RECURSION = YES;
				CLANG_WARN_INT_CONVERSION = YES;
				CLANG_WARN_NON_LITERAL_NULL_CONVERSION = YES;
				CLANG_WARN_OBJC_LITERAL_CONVERSION = YES;
				CLANG_WARN_OBJC_ROOT_CLASS = YES_ERROR;
				CLANG_WARN_RANGE_LOOP_ANALYSIS = YES;
				CLANG_WARN_STRICT_PROTOTYPES = YES;
				CLANG_WARN_SUSPICIOUS_MOVE = YES;
				CLANG_WARN_UNGUARDED_AVAILABILITY = YES_AGGRESSIVE;
				CLANG_WARN_UNREACHABLE_CODE = YES;
				CLANG_WARN__DUPLICATE_METHOD_MATCH = YES;
				CODE_SIGN_IDENTITY = "-";
				COPY_PHASE_STRIP = NO;
				DEBUG_INFORMATION_FORMAT = dwarf;
				ENABLE_STRICT_OBJC_MSGSEND = YES;
				ENABLE_TESTABILITY = YES;
				GCC_C_LANGUAGE_STANDARD = gnu11;
				GCC_DYNAMIC_NO_PIC = NO;
				GCC_NO_COMMON_BLOCKS = YES;
				GCC_OPTIMIZATION_LEVEL = 0;
				GCC_PREPROCESSOR_DEFINITIONS = (
					"DEBUG=1",
					"$(inherited)",
				);
				GCC_WARN_64_TO_32_BIT_CONVERSION = YES;
				GCC_WARN_ABOUT_RETURN_TYPE = YES_ERROR;
				GCC_WARN_UNDECLARED_SELECTOR = YES;
				GCC_WARN_UNINITIALIZED_AUTOS = YES_AGGRESSIVE;
				GCC_WARN_UNUSED_FUNCTION = YES;
				GCC_WARN_UNUSED_VARIABLE = YES;
				MACOSX_DEPLOYMENT_TARGET = 10.13;
				MTL_ENABLE_DEBUG_INFO = YES;
				ONLY_ACTIVE_ARCH = YES;
				SDKROOT = macosx;
				SWIFT_ACTIVE_COMPILATION_CONDITIONS = DEBUG;
				SWIFT_OPTIMIZATION_LEVEL = "-Onone";
			};
			name = Debug;
		};
		E34EFA95203804E1002DD34D /* Release */ = {
			isa = XCBuildConfiguration;
			buildSettings = {
				ALWAYS_SEARCH_USER_PATHS = NO;
				CLANG_ANALYZER_NONNULL = YES;
				CLANG_ANALYZER_NUMBER_OBJECT_CONVERSION = YES_AGGRESSIVE;
				CLANG_CXX_LANGUAGE_STANDARD = "gnu++14";
				CLANG_CXX_LIBRARY = "libc++";
				CLANG_ENABLE_MODULES = YES;
				CLANG_ENABLE_OBJC_ARC = YES;
				CLANG_WARN_BLOCK_CAPTURE_AUTORELEASING = YES;
				CLANG_WARN_BOOL_CONVERSION = YES;
				CLANG_WARN_COMMA = YES;
				CLANG_WARN_CONSTANT_CONVERSION = YES;
				CLANG_WARN_DIRECT_OBJC_ISA_USAGE = YES_ERROR;
				CLANG_WARN_DOCUMENTATION_COMMENTS = YES;
				CLANG_WARN_EMPTY_BODY = YES;
				CLANG_WARN_ENUM_CONVERSION = YES;
				CLANG_WARN_INFINITE_RECURSION = YES;
				CLANG_WARN_INT_CONVERSION = YES;
				CLANG_WARN_NON_LITERAL_NULL_CONVERSION = YES;
				CLANG_WARN_OBJC_LITERAL_CONVERSION = YES;
				CLANG_WARN_OBJC_ROOT_CLASS = YES_ERROR;
				CLANG_WARN_RANGE_LOOP_ANALYSIS = YES;
				CLANG_WARN_STRICT_PROTOTYPES = YES;
				CLANG_WARN_SUSPICIOUS_MOVE = YES;
				CLANG_WARN_UNGUARDED_AVAILABILITY = YES_AGGRESSIVE;
				CLANG_WARN_UNREACHABLE_CODE = YES;
				CLANG_WARN__DUPLICATE_METHOD_MATCH = YES;
				CODE_SIGN_IDENTITY = "-";
				COPY_PHASE_STRIP = NO;
				DEBUG_INFORMATION_FORMAT = "dwarf-with-dsym";
				ENABLE_NS_ASSERTIONS = NO;
				ENABLE_STRICT_OBJC_MSGSEND = YES;
				GCC_C_LANGUAGE_STANDARD = gnu11;
				GCC_NO_COMMON_BLOCKS = YES;
				GCC_WARN_64_TO_32_BIT_CONVERSION = YES;
				GCC_WARN_ABOUT_RETURN_TYPE = YES_ERROR;
				GCC_WARN_UNDECLARED_SELECTOR = YES;
				GCC_WARN_UNINITIALIZED_AUTOS = YES_AGGRESSIVE;
				GCC_WARN_UNUSED_FUNCTION = YES;
				GCC_WARN_UNUSED_VARIABLE = YES;
				MACOSX_DEPLOYMENT_TARGET = 10.13;
				MTL_ENABLE_DEBUG_INFO = NO;
				SDKROOT = macosx;
				SWIFT_OPTIMIZATION_LEVEL = "-Owholemodule";
			};
			name = Release;
		};
		E34EFA97203804E1002DD34D /* Debug */ = {
			isa = XCBuildConfiguration;
			buildSettings = {
				ASSETCATALOG_COMPILER_APPICON_NAME = AppIcon;
				CODE_SIGN_ENTITLEMENTS = "AP17 Animation/AP17 Animation.entitlements";
				CODE_SIGN_STYLE = Automatic;
				COMBINE_HIDPI_IMAGES = YES;
				INFOPLIST_FILE = "AP17 Animation/Info.plist";
				LD_RUNPATH_SEARCH_PATHS = "$(inherited) @executable_path/../Frameworks";
				PRODUCT_BUNDLE_IDENTIFIER = "liuxiaoer.AP17-Animation";
				PRODUCT_NAME = "$(TARGET_NAME)";
				SWIFT_VERSION = 4.0;
			};
			name = Debug;
		};
		E34EFA98203804E1002DD34D /* Release */ = {
			isa = XCBuildConfiguration;
			buildSettings = {
				ASSETCATALOG_COMPILER_APPICON_NAME = AppIcon;
				CODE_SIGN_ENTITLEMENTS = "AP17 Animation/AP17 Animation.entitlements";
				CODE_SIGN_STYLE = Automatic;
				COMBINE_HIDPI_IMAGES = YES;
				INFOPLIST_FILE = "AP17 Animation/Info.plist";
				LD_RUNPATH_SEARCH_PATHS = "$(inherited) @executable_path/../Frameworks";
				PRODUCT_BUNDLE_IDENTIFIER = "liuxiaoer.AP17-Animation";
				PRODUCT_NAME = "$(TARGET_NAME)";
				SWIFT_VERSION = 4.0;
			};
			name = Release;
		};
/* End XCBuildConfiguration section */

/* Begin XCConfigurationList section */
		E34EFA81203804E1002DD34D /* Build configuration list for PBXProject "AP17 Animation" */ = {
			isa = XCConfigurationList;
			buildConfigurations = (
				E34EFA94203804E1002DD34D /* Debug */,
				E34EFA95203804E1002DD34D /* Release */,
			);
			defaultConfigurationIsVisible = 0;
			defaultConfigurationName = Release;
		};
		E34EFA96203804E1002DD34D /* Build configuration list for PBXNativeTarget "AP17 Animation" */ = {
			isa = XCConfigurationList;
			buildConfigurations = (
				E34EFA97203804E1002DD34D /* Debug */,
				E34EFA98203804E1002DD34D /* Release */,
			);
			defaultConfigurationIsVisible = 0;
			defaultConfigurationName = Release;
		};
/* End XCConfigurationList section */
	};
	rootObject = E34EFA7E203804E1002DD34D /* Project object */;
}
