// !$*UTF8*$!
{
	archiveVersion = 1;
	classes = {
	};
	objectVersion = 48;
	objects = {

/* Begin PBXBuildFile section */
		E3E0A2002025A83B00E9DF26 /* AppDelegate.swift in Sources */ = {isa = PBXBuildFile; fileRef = E3E0A1FF2025A83B00E9DF26 /* AppDelegate.swift */; };
		E3E0A2022025A83B00E9DF26 /* ViewController.swift in Sources */ = {isa = PBXBuildFile; fileRef = E3E0A2012025A83B00E9DF26 /* ViewController.swift */; };
		E3E0A2042025A83B00E9DF26 /* Assets.xcassets in Resources */ = {isa = PBXBuildFile; fileRef = E3E0A2032025A83B00E9DF26 /* Assets.xcassets */; };
		E3E0A2072025A83B00E9DF26 /* Main.storyboard in Resources */ = {isa = PBXBuildFile; fileRef = E3E0A2052025A83B00E9DF26 /* Main.storyboard */; };
		E3E0A2112025AF1E00E9DF26 /* SplitView.storyboard in Resources */ = {isa = PBXBuildFile; fileRef = E3E0A20F2025AF1E00E9DF26 /* SplitView.storyboard */; };
/* End PBXBuildFile section */

/* Begin PBXFileReference section */
		E3E0A1FC2025A83B00E9DF26 /* Storybords.app */ = {isa = PBXFileReference; explicitFileType = wrapper.application; includeInIndex = 0; path = Storybords.app; sourceTree = BUILT_PRODUCTS_DIR; };
		E3E0A1FF2025A83B00E9DF26 /* AppDelegate.swift */ = {isa = PBXFileReference; lastKnownFileType = sourcecode.swift; path = AppDelegate.swift; sourceTree = "<group>"; };
		E3E0A2012025A83B00E9DF26 /* ViewController.swift */ = {isa = PBXFileReference; lastKnownFileType = sourcecode.swift; path = ViewController.swift; sourceTree = "<group>"; };
		E3E0A2032025A83B00E9DF26 /* Assets.xcassets */ = {isa = PBXFileReference; lastKnownFileType = folder.assetcatalog; path = Assets.xcassets; sourceTree = "<group>"; };
		E3E0A2062025A83B00E9DF26 /* Base */ = {isa = PBXFileReference; lastKnownFileType = file.storyboard; name = Base; path = Base.lproj/Main.storyboard; sourceTree = "<group>"; };
		E3E0A2082025A83B00E9DF26 /* Info.plist */ = {isa = PBXFileReference; lastKnownFileType = text.plist.xml; path = Info.plist; sourceTree = "<group>"; };
		E3E0A2092025A83B00E9DF26 /* Storybords.entitlements */ = {isa = PBXFileReference; lastKnownFileType = text.plist.entitlements; path = Storybords.entitlements; sourceTree = "<group>"; };
		E3E0A2102025AF1E00E9DF26 /* Base */ = {isa = PBXFileReference; lastKnownFileType = file.storyboard; name = Base; path = Storybords/Base.lproj/SplitView.storyboard; sourceTree = "<group>"; };
/* End PBXFileReference section */

/* Begin PBXFrameworksBuildPhase section */
		E3E0A1F92025A83B00E9DF26 /* Frameworks */ = {
			isa = PBXFrameworksBuildPhase;
			buildActionMask = 2147483647;
			files = (
			);
			runOnlyForDeploymentPostprocessing = 0;
		};
/* End PBXFrameworksBuildPhase section */

/* Begin PBXGroup section */
		E3E0A1F32025A83B00E9DF26 = {
			isa = PBXGroup;
			children = (
				E3E0A1FE2025A83B00E9DF26 /* Storybords */,
				E3E0A1FD2025A83B00E9DF26 /* Products */,
			);
			sourceTree = "<group>";
		};
		E3E0A1FD2025A83B00E9DF26 /* Products */ = {
			isa = PBXGroup;
			children = (
				E3E0A1FC2025A83B00E9DF26 /* Storybords.app */,
			);
			name = Products;
			sourceTree = "<group>";
		};
		E3E0A1FE2025A83B00E9DF26 /* Storybords */ = {
			isa = PBXGroup;
			children = (
				E3E0A20F2025AF1E00E9DF26 /* SplitView.storyboard */,
				E3E0A1FF2025A83B00E9DF26 /* AppDelegate.swift */,
				E3E0A2012025A83B00E9DF26 /* ViewController.swift */,
				E3E0A2032025A83B00E9DF26 /* Assets.xcassets */,
				E3E0A2052025A83B00E9DF26 /* Main.storyboard */,
				E3E0A2082025A83B00E9DF26 /* Info.plist */,
				E3E0A2092025A83B00E9DF26 /* Storybords.entitlements */,
			);
			path = Storybords;
			sourceTree = "<group>";
		};
/* End PBXGroup section */

/* Begin PBXNativeTarget section */
		E3E0A1FB2025A83B00E9DF26 /* Storybords */ = {
			isa = PBXNativeTarget;
			buildConfigurationList = E3E0A20C2025A83B00E9DF26 /* Build configuration list for PBXNativeTarget "Storybords" */;
			buildPhases = (
				E3E0A1F82025A83B00E9DF26 /* Sources */,
				E3E0A1F92025A83B00E9DF26 /* Frameworks */,
				E3E0A1FA2025A83B00E9DF26 /* Resources */,
			);
			buildRules = (
			);
			dependencies = (
			);
			name = Storybords;
			productName = Storybords;
			productReference = E3E0A1FC2025A83B00E9DF26 /* Storybords.app */;
			productType = "com.apple.product-type.application";
		};
/* End PBXNativeTarget section */

/* Begin PBXProject section */
		E3E0A1F42025A83B00E9DF26 /* Project object */ = {
			isa = PBXProject;
			attributes = {
				LastSwiftUpdateCheck = 0920;
				LastUpgradeCheck = 0920;
				ORGANIZATIONNAME = "刘小二";
				TargetAttributes = {
					E3E0A1FB2025A83B00E9DF26 = {
						CreatedOnToolsVersion = 9.2;
						ProvisioningStyle = Automatic;
					};
				};
			};
			buildConfigurationList = E3E0A1F72025A83B00E9DF26 /* Build configuration list for PBXProject "Storybords" */;
			compatibilityVersion = "Xcode 8.0";
			developmentRegion = en;
			hasScannedForEncodings = 0;
			knownRegions = (
				en,
				Base,
			);
			mainGroup = E3E0A1F32025A83B00E9DF26;
			productRefGroup = E3E0A1FD2025A83B00E9DF26 /* Products */;
			projectDirPath = "";
			projectRoot = "";
			targets = (
				E3E0A1FB2025A83B00E9DF26 /* Storybords */,
			);
		};
/* End PBXProject section */

/* Begin PBXResourcesBuildPhase section */
		E3E0A1FA2025A83B00E9DF26 /* Resources */ = {
			isa = PBXResourcesBuildPhase;
			buildActionMask = 2147483647;
			files = (
				E3E0A2112025AF1E00E9DF26 /* SplitView.storyboard in Resources */,
				E3E0A2042025A83B00E9DF26 /* Assets.xcassets in Resources */,
				E3E0A2072025A83B00E9DF26 /* Main.storyboard in Resources */,
			);
			runOnlyForDeploymentPostprocessing = 0;
		};
/* End PBXResourcesBuildPhase section */

/* Begin PBXSourcesBuildPhase section */
		E3E0A1F82025A83B00E9DF26 /* Sources */ = {
			isa = PBXSourcesBuildPhase;
			buildActionMask = 2147483647;
			files = (
				E3E0A2022025A83B00E9DF26 /* ViewController.swift in Sources */,
				E3E0A2002025A83B00E9DF26 /* AppDelegate.swift in Sources */,
			);
			runOnlyForDeploymentPostprocessing = 0;
		};
/* End PBXSourcesBuildPhase section */

/* Begin PBXVariantGroup section */
		E3E0A2052025A83B00E9DF26 /* Main.storyboard */ = {
			isa = PBXVariantGroup;
			children = (
				E3E0A2062025A83B00E9DF26 /* Base */,
			);
			name = Main.storyboard;
			sourceTree = "<group>";
		};
		E3E0A20F2025AF1E00E9DF26 /* SplitView.storyboard */ = {
			isa = PBXVariantGroup;
			children = (
				E3E0A2102025AF1E00E9DF26 /* Base */,
			);
			name = SplitView.storyboard;
			sourceTree = "<group>";
		};
/* End PBXVariantGroup section */

/* Begin XCBuildConfiguration section */
		E3E0A20A2025A83B00E9DF26 /* Debug */ = {
			isa = XCBuildConfiguration;
			buildSettings = {
				ALWAYS_SEARCH_USER_PATHS = NO;
				CLANG_ANALYZER_NONNULL = YES;
				CLANG_ANALYZER_NUMBER_OBJECT_CONVERSION = YES_AGGRESSIVE;
				CLANG_CXX_LANGUAGE_STANDARD = "gnu++14";
				CLANG_CXX_LIBRARY = "libc++";
				CLANG_ENABLE_MODULES = YES;
				CLANG_ENABLE_OBJC_ARC = YES;
				CLANG_WARN_BLOCK_CAPTURE_AUTORELEASING = YES;
				CLANG_WARN_BOOL_CONVERSION = YES;
				CLANG_WARN_COMMA = YES;
				CLANG_WARN_CONSTANT_CONVERSION = YES;
				CLANG_WARN_DIRECT_OBJC_ISA_USAGE = YES_ERROR;
				CLANG_WARN_DOCUMENTATION_COMMENTS = YES;
				CLANG_WARN_EMPTY_BODY = YES;
				CLANG_WARN_ENUM_CONVERSION = YES;
				CLANG_WARN_INFINITE_RECURSION = YES;
				CLANG_WARN_INT_CONVERSION = YES;
				CLANG_WARN_NON_LITERAL_NULL_CONVERSION = YES;
				CLANG_WARN_OBJC_LITERAL_CONVERSION = YES;
				CLANG_WARN_OBJC_ROOT_CLASS = YES_ERROR;
				CLANG_WARN_RANGE_LOOP_ANALYSIS = YES;
				CLANG_WARN_STRICT_PROTOTYPES = YES;
				CLANG_WARN_SUSPICIOUS_MOVE = YES;
				CLANG_WARN_UNGUARDED_AVAILABILITY = YES_AGGRESSIVE;
				CLANG_WARN_UNREACHABLE_CODE = YES;
				CLANG_WARN__DUPLICATE_METHOD_MATCH = YES;
				CODE_SIGN_IDENTITY = "-";
				COPY_PHASE_STRIP = NO;
				DEBUG_INFORMATION_FORMAT = dwarf;
				ENABLE_STRICT_OBJC_MSGSEND = YES;
				ENABLE_TESTABILITY = YES;
				GCC_C_LANGUAGE_STANDARD = gnu11;
				GCC_DYNAMIC_NO_PIC = NO;
				GCC_NO_COMMON_BLOCKS = YES;
				GCC_OPTIMIZATION_LEVEL = 0;
				GCC_PREPROCESSOR_DEFINITIONS = (
					"DEBUG=1",
					"$(inherited)",
				);
				GCC_WARN_64_TO_32_BIT_CONVERSION = YES;
				GCC_WARN_ABOUT_RETURN_TYPE = YES_ERROR;
				GCC_WARN_UNDECLARED_SELECTOR = YES;
				GCC_WARN_UNINITIALIZED_AUTOS = YES_AGGRESSIVE;
				GCC_WARN_UNUSED_FUNCTION = YES;
				GCC_WARN_UNUSED_VARIABLE = YES;
				MACOSX_DEPLOYMENT_TARGET = 10.13;
				MTL_ENABLE_DEBUG_INFO = YES;
				ONLY_ACTIVE_ARCH = YES;
				SDKROOT = macosx;
				SWIFT_ACTIVE_COMPILATION_CONDITIONS = DEBUG;
				SWIFT_OPTIMIZATION_LEVEL = "-Onone";
			};
			name = Debug;
		};
		E3E0A20B2025A83B00E9DF26 /* Release */ = {
			isa = XCBuildConfiguration;
			buildSettings = {
				ALWAYS_SEARCH_USER_PATHS = NO;
				CLANG_ANALYZER_NONNULL = YES;
				CLANG_ANALYZER_NUMBER_OBJECT_CONVERSION = YES_AGGRESSIVE;
				CLANG_CXX_LANGUAGE_STANDARD = "gnu++14";
				CLANG_CXX_LIBRARY = "libc++";
				CLANG_ENABLE_MODULES = YES;
				CLANG_ENABLE_OBJC_ARC = YES;
				CLANG_WARN_BLOCK_CAPTURE_AUTORELEASING = YES;
				CLANG_WARN_BOOL_CONVERSION = YES;
				CLANG_WARN_COMMA = YES;
				CLANG_WARN_CONSTANT_CONVERSION = YES;
				CLANG_WARN_DIRECT_OBJC_ISA_USAGE = YES_ERROR;
				CLANG_WARN_DOCUMENTATION_COMMENTS = YES;
				CLANG_WARN_EMPTY_BODY = YES;
				CLANG_WARN_ENUM_CONVERSION = YES;
				CLANG_WARN_INFINITE_RECURSION = YES;
				CLANG_WARN_INT_CONVERSION = YES;
				CLANG_WARN_NON_LITERAL_NULL_CONVERSION = YES;
				CLANG_WARN_OBJC_LITERAL_CONVERSION = YES;
				CLANG_WARN_OBJC_ROOT_CLASS = YES_ERROR;
				CLANG_WARN_RANGE_LOOP_ANALYSIS = YES;
				CLANG_WARN_STRICT_PROTOTYPES = YES;
				CLANG_WARN_SUSPICIOUS_MOVE = YES;
				CLANG_WARN_UNGUARDED_AVAILABILITY = YES_AGGRESSIVE;
				CLANG_WARN_UNREACHABLE_CODE = YES;
				CLANG_WARN__DUPLICATE_METHOD_MATCH = YES;
				CODE_SIGN_IDENTITY = "-";
				COPY_PHASE_STRIP = NO;
				DEBUG_INFORMATION_FORMAT = "dwarf-with-dsym";
				ENABLE_NS_ASSERTIONS = NO;
				ENABLE_STRICT_OBJC_MSGSEND = YES;
				GCC_C_LANGUAGE_STANDARD = gnu11;
				GCC_NO_COMMON_BLOCKS = YES;
				GCC_WARN_64_TO_32_BIT_CONVERSION = YES;
				GCC_WARN_ABOUT_RETURN_TYPE = YES_ERROR;
				GCC_WARN_UNDECLARED_SELECTOR = YES;
				GCC_WARN_UNINITIALIZED_AUTOS = YES_AGGRESSIVE;
				GCC_WARN_UNUSED_FUNCTION = YES;
				GCC_WARN_UNUSED_VARIABLE = YES;
				MACOSX_DEPLOYMENT_TARGET = 10.13;
				MTL_ENABLE_DEBUG_INFO = NO;
				SDKROOT = macosx;
				SWIFT_OPTIMIZATION_LEVEL = "-Owholemodule";
			};
			name = Release;
		};
		E3E0A20D2025A83B00E9DF26 /* Debug */ = {
			isa = XCBuildConfiguration;
			buildSettings = {
				ASSETCATALOG_COMPILER_APPICON_NAME = AppIcon;
				CODE_SIGN_ENTITLEMENTS = Storybords/Storybords.entitlements;
				CODE_SIGN_STYLE = Automatic;
				COMBINE_HIDPI_IMAGES = YES;
				INFOPLIST_FILE = Storybords/Info.plist;
				LD_RUNPATH_SEARCH_PATHS = "$(inherited) @executable_path/../Frameworks";
				PRODUCT_BUNDLE_IDENTIFIER = liuxiaoer.Storybords;
				PRODUCT_NAME = "$(TARGET_NAME)";
				SWIFT_VERSION = 4.0;
			};
			name = Debug;
		};
		E3E0A20E2025A83B00E9DF26 /* Release */ = {
			isa = XCBuildConfiguration;
			buildSettings = {
				ASSETCATALOG_COMPILER_APPICON_NAME = AppIcon;
				CODE_SIGN_ENTITLEMENTS = Storybords/Storybords.entitlements;
				CODE_SIGN_STYLE = Automatic;
				COMBINE_HIDPI_IMAGES = YES;
				INFOPLIST_FILE = Storybords/Info.plist;
				LD_RUNPATH_SEARCH_PATHS = "$(inherited) @executable_path/../Frameworks";
				PRODUCT_BUNDLE_IDENTIFIER = liuxiaoer.Storybords;
				PRODUCT_NAME = "$(TARGET_NAME)";
				SWIFT_VERSION = 4.0;
			};
			name = Release;
		};
/* End XCBuildConfiguration section */

/* Begin XCConfigurationList section */
		E3E0A1F72025A83B00E9DF26 /* Build configuration list for PBXProject "Storybords" */ = {
			isa = XCConfigurationList;
			buildConfigurations = (
				E3E0A20A2025A83B00E9DF26 /* Debug */,
				E3E0A20B2025A83B00E9DF26 /* Release */,
			);
			defaultConfigurationIsVisible = 0;
			defaultConfigurationName = Release;
		};
		E3E0A20C2025A83B00E9DF26 /* Build configuration list for PBXNativeTarget "Storybords" */ = {
			isa = XCConfigurationList;
			buildConfigurations = (
				E3E0A20D2025A83B00E9DF26 /* Debug */,
				E3E0A20E2025A83B00E9DF26 /* Release */,
			);
			defaultConfigurationIsVisible = 0;
			defaultConfigurationName = Release;
		};
/* End XCConfigurationList section */
	};
	rootObject = E3E0A1F42025A83B00E9DF26 /* Project object */;
}
